
Microsoft Visual Studio Solution File, Format Version 12.00
# Visual Studio Version 17
VisualStudioVersion = 17.8.34316.72
MinimumVisualStudioVersion = 10.0.40219.1
Project("{FAE04EC0-301F-11D3-BF4B-00C04F79EFBC}") = "EF&SQL NYTEST", "EF&SQL NYTEST\EF&SQL NYTEST.csproj", "{2A4892FE-3DC6-4C62-A12C-E58CEAA9023B}"
EndProject
Global
	GlobalSection(SolutionConfigurationPlatforms) = preSolution
		Debug|Any CPU = Debug|Any CPU
		Release|Any CPU = Release|Any CPU
	EndGlobalSection
	GlobalSection(ProjectConfigurationPlatforms) = postSolution
		{2A4892FE-3DC6-4C62-A12C-E58CEAA9023B}.Debug|Any CPU.ActiveCfg = Debug|Any CPU
		{2A4892FE-3DC6-4C62-A12C-E58CEAA9023B}.Debug|Any CPU.Build.0 = Debug|Any CPU
		{2A4892FE-3DC6-4C62-A12C-E58CEAA9023B}.Release|Any CPU.ActiveCfg = Release|Any CPU
		{2A4892FE-3DC6-4C62-A12C-E58CEAA9023B}.Release|Any CPU.Build.0 = Release|Any CPU
	EndGlobalSection
	GlobalSection(SolutionProperties) = preSolution
		HideSolutionNode = FALSE
	EndGlobalSection
	GlobalSection(ExtensibilityGlobals) = postSolution
		SolutionGuid = {40E964AA-5CAB-4C4C-94C5-EF3E59F0F4C7}
	EndGlobalSection
EndGlobal
